
Microsoft Visual Studio Solution File, Format Version 12.00
# Visual Studio Version 17
VisualStudioVersion = 17.8.34408.163
MinimumVisualStudioVersion = 10.0.40219.1
Project("{FAE04EC0-301F-11D3-BF4B-00C04F79EFBC}") = "Stubs", "Stubs\Stubs.csproj", "{CCBB397A-C62F-4C32-9286-B64AFE4811A2}"
EndProject
Project("{FAE04EC0-301F-11D3-BF4B-00C04F79EFBC}") = "Stubs.Tests", "Stubs.Tests\Stubs.Tests.csproj", "{6E43D29A-E329-4618-AA93-BCE8C6BC2CF7}"
EndProject
Global
	GlobalSection(SolutionConfigurationPlatforms) = preSolution
		Debug|Any CPU = Debug|Any CPU
		Release|Any CPU = Release|Any CPU
	EndGlobalSection
	GlobalSection(ProjectConfigurationPlatforms) = postSolution
		{CCBB397A-C62F-4C32-9286-B64AFE4811A2}.Debug|Any CPU.ActiveCfg = Debug|Any CPU
		{CCBB397A-C62F-4C32-9286-B64AFE4811A2}.Debug|Any CPU.Build.0 = Debug|Any CPU
		{CCBB397A-C62F-4C32-9286-B64AFE4811A2}.Release|Any CPU.ActiveCfg = Release|Any CPU
		{CCBB397A-C62F-4C32-9286-B64AFE4811A2}.Release|Any CPU.Build.0 = Release|Any CPU
		{6E43D29A-E329-4618-AA93-BCE8C6BC2CF7}.Debug|Any CPU.ActiveCfg = Debug|Any CPU
		{6E43D29A-E329-4618-AA93-BCE8C6BC2CF7}.Debug|Any CPU.Build.0 = Debug|Any CPU
		{6E43D29A-E329-4618-AA93-BCE8C6BC2CF7}.Release|Any CPU.ActiveCfg = Release|Any CPU
		{6E43D29A-E329-4618-AA93-BCE8C6BC2CF7}.Release|Any CPU.Build.0 = Release|Any CPU
	EndGlobalSection
	GlobalSection(SolutionProperties) = preSolution
		HideSolutionNode = FALSE
	EndGlobalSection
	GlobalSection(ExtensibilityGlobals) = postSolution
		SolutionGuid = {EEBBE85A-48E3-4F14-BF9D-DA6978575D4A}
	EndGlobalSection
EndGlobal
